
Microsoft Visual Studio Solution File, Format Version 12.00
# Visual Studio 14
VisualStudioVersion = 14.0.23107.0
MinimumVisualStudioVersion = 10.0.40219.1
Project("{FAE04EC0-301F-11D3-BF4B-00C04F79EFBC}") = "DemoTask", "DemoTask\DemoTask.csproj", "{C45D6200-218D-4512-844C-95BBD67C3CF1}"
EndProject
Project("{FAE04EC0-301F-11D3-BF4B-00C04F79EFBC}") = "Exercise2", "Exercise2\Exercise2.csproj", "{222AF2F9-F8E6-4F5D-92CF-AB024CF55C2A}"
EndProject
Project("{FAE04EC0-301F-11D3-BF4B-00C04F79EFBC}") = "Exercise3", "Exercise3\Exercise3.csproj", "{94570ABE-7B51-424C-8EC5-4F56245515E4}"
EndProject
Project("{FAE04EC0-301F-11D3-BF4B-00C04F79EFBC}") = "Exercise4", "Exercise4\Exercise4.csproj", "{96A3EBFF-C4A1-46D3-B089-E0EB193BE8B2}"
EndProject
Global
	GlobalSection(SolutionConfigurationPlatforms) = preSolution
		Debug|Any CPU = Debug|Any CPU
		Release|Any CPU = Release|Any CPU
	EndGlobalSection
	GlobalSection(ProjectConfigurationPlatforms) = postSolution
		{C45D6200-218D-4512-844C-95BBD67C3CF1}.Debug|Any CPU.ActiveCfg = Debug|Any CPU
		{C45D6200-218D-4512-844C-95BBD67C3CF1}.Debug|Any CPU.Build.0 = Debug|Any CPU
		{C45D6200-218D-4512-844C-95BBD67C3CF1}.Release|Any CPU.ActiveCfg = Release|Any CPU
		{C45D6200-218D-4512-844C-95BBD67C3CF1}.Release|Any CPU.Build.0 = Release|Any CPU
		{222AF2F9-F8E6-4F5D-92CF-AB024CF55C2A}.Debug|Any CPU.ActiveCfg = Debug|Any CPU
		{222AF2F9-F8E6-4F5D-92CF-AB024CF55C2A}.Debug|Any CPU.Build.0 = Debug|Any CPU
		{222AF2F9-F8E6-4F5D-92CF-AB024CF55C2A}.Release|Any CPU.ActiveCfg = Release|Any CPU
		{222AF2F9-F8E6-4F5D-92CF-AB024CF55C2A}.Release|Any CPU.Build.0 = Release|Any CPU
		{94570ABE-7B51-424C-8EC5-4F56245515E4}.Debug|Any CPU.ActiveCfg = Debug|Any CPU
		{94570ABE-7B51-424C-8EC5-4F56245515E4}.Debug|Any CPU.Build.0 = Debug|Any CPU
		{94570ABE-7B51-424C-8EC5-4F56245515E4}.Release|Any CPU.ActiveCfg = Release|Any CPU
		{94570ABE-7B51-424C-8EC5-4F56245515E4}.Release|Any CPU.Build.0 = Release|Any CPU
		{96A3EBFF-C4A1-46D3-B089-E0EB193BE8B2}.Debug|Any CPU.ActiveCfg = Debug|Any CPU
		{96A3EBFF-C4A1-46D3-B089-E0EB193BE8B2}.Debug|Any CPU.Build.0 = Debug|Any CPU
		{96A3EBFF-C4A1-46D3-B089-E0EB193BE8B2}.Release|Any CPU.ActiveCfg = Release|Any CPU
		{96A3EBFF-C4A1-46D3-B089-E0EB193BE8B2}.Release|Any CPU.Build.0 = Release|Any CPU
	EndGlobalSection
	GlobalSection(SolutionProperties) = preSolution
		HideSolutionNode = FALSE
	EndGlobalSection
EndGlobal
