
Microsoft Visual Studio Solution File, Format Version 12.00
# Visual Studio 14
VisualStudioVersion = 14.0.23107.0
MinimumVisualStudioVersion = 10.0.40219.1
Project("{FAE04EC0-301F-11D3-BF4B-00C04F79EFBC}") = "Exercise1", "Exercise1\Exercise1.csproj", "{498230C1-62BE-47AC-8830-9961E7D8B673}"
EndProject
Project("{FAE04EC0-301F-11D3-BF4B-00C04F79EFBC}") = "Exercise2", "Exercise2\Exercise2.csproj", "{9A3F6800-0B65-4E8A-88A7-BA282AD69A36}"
EndProject
Project("{FAE04EC0-301F-11D3-BF4B-00C04F79EFBC}") = "Exercise3", "Exercise3\Exercise3.csproj", "{9DDF9E77-C388-4EAD-982C-DBECDA1DCE25}"
EndProject
Project("{FAE04EC0-301F-11D3-BF4B-00C04F79EFBC}") = "Exercise4", "Exercise4\Exercise4.csproj", "{E5887148-C654-4588-AF3E-F7BC5AD1CAC2}"
EndProject
Project("{FAE04EC0-301F-11D3-BF4B-00C04F79EFBC}") = "Exercise5", "Exercise5\Exercise5.csproj", "{F44A3881-E1CD-4F5B-92BB-88E7B9725A89}"
EndProject
Global
	GlobalSection(SolutionConfigurationPlatforms) = preSolution
		Debug|Any CPU = Debug|Any CPU
		Release|Any CPU = Release|Any CPU
	EndGlobalSection
	GlobalSection(ProjectConfigurationPlatforms) = postSolution
		{498230C1-62BE-47AC-8830-9961E7D8B673}.Debug|Any CPU.ActiveCfg = Debug|Any CPU
		{498230C1-62BE-47AC-8830-9961E7D8B673}.Debug|Any CPU.Build.0 = Debug|Any CPU
		{498230C1-62BE-47AC-8830-9961E7D8B673}.Release|Any CPU.ActiveCfg = Release|Any CPU
		{498230C1-62BE-47AC-8830-9961E7D8B673}.Release|Any CPU.Build.0 = Release|Any CPU
		{9A3F6800-0B65-4E8A-88A7-BA282AD69A36}.Debug|Any CPU.ActiveCfg = Debug|Any CPU
		{9A3F6800-0B65-4E8A-88A7-BA282AD69A36}.Debug|Any CPU.Build.0 = Debug|Any CPU
		{9A3F6800-0B65-4E8A-88A7-BA282AD69A36}.Release|Any CPU.ActiveCfg = Release|Any CPU
		{9A3F6800-0B65-4E8A-88A7-BA282AD69A36}.Release|Any CPU.Build.0 = Release|Any CPU
		{9DDF9E77-C388-4EAD-982C-DBECDA1DCE25}.Debug|Any CPU.ActiveCfg = Debug|Any CPU
		{9DDF9E77-C388-4EAD-982C-DBECDA1DCE25}.Debug|Any CPU.Build.0 = Debug|Any CPU
		{9DDF9E77-C388-4EAD-982C-DBECDA1DCE25}.Release|Any CPU.ActiveCfg = Release|Any CPU
		{9DDF9E77-C388-4EAD-982C-DBECDA1DCE25}.Release|Any CPU.Build.0 = Release|Any CPU
		{E5887148-C654-4588-AF3E-F7BC5AD1CAC2}.Debug|Any CPU.ActiveCfg = Debug|Any CPU
		{E5887148-C654-4588-AF3E-F7BC5AD1CAC2}.Debug|Any CPU.Build.0 = Debug|Any CPU
		{E5887148-C654-4588-AF3E-F7BC5AD1CAC2}.Release|Any CPU.ActiveCfg = Release|Any CPU
		{E5887148-C654-4588-AF3E-F7BC5AD1CAC2}.Release|Any CPU.Build.0 = Release|Any CPU
		{F44A3881-E1CD-4F5B-92BB-88E7B9725A89}.Debug|Any CPU.ActiveCfg = Debug|Any CPU
		{F44A3881-E1CD-4F5B-92BB-88E7B9725A89}.Debug|Any CPU.Build.0 = Debug|Any CPU
		{F44A3881-E1CD-4F5B-92BB-88E7B9725A89}.Release|Any CPU.ActiveCfg = Release|Any CPU
		{F44A3881-E1CD-4F5B-92BB-88E7B9725A89}.Release|Any CPU.Build.0 = Release|Any CPU
	EndGlobalSection
	GlobalSection(SolutionProperties) = preSolution
		HideSolutionNode = FALSE
	EndGlobalSection
EndGlobal
